
Microsoft Visual Studio Solution File, Format Version 12.00
# Visual Studio Version 17
VisualStudioVersion = 17.14.36301.6
MinimumVisualStudioVersion = 10.0.40219.1
Project("{FAE04EC0-301F-11D3-BF4B-00C04F79EFBC}") = "AvatarRotationController", "AvatarRotationController.csproj", "{32EB03B2-3482-418E-AD44-42E74C7B491F}"
EndProject
Global
	GlobalSection(SolutionConfigurationPlatforms) = preSolution
		Debug|Any CPU = Debug|Any CPU
		Release|Any CPU = Release|Any CPU
	EndGlobalSection
	GlobalSection(ProjectConfigurationPlatforms) = postSolution
		{32EB03B2-3482-418E-AD44-42E74C7B491F}.Debug|Any CPU.ActiveCfg = Debug|Any CPU
		{32EB03B2-3482-418E-AD44-42E74C7B491F}.Debug|Any CPU.Build.0 = Debug|Any CPU
		{32EB03B2-3482-418E-AD44-42E74C7B491F}.Release|Any CPU.ActiveCfg = Release|Any CPU
		{32EB03B2-3482-418E-AD44-42E74C7B491F}.Release|Any CPU.Build.0 = Release|Any CPU
	EndGlobalSection
	GlobalSection(SolutionProperties) = preSolution
		HideSolutionNode = FALSE
	EndGlobalSection
	GlobalSection(ExtensibilityGlobals) = postSolution
		SolutionGuid = {5A03209F-753D-4941-81E0-14D2D125E172}
	EndGlobalSection
EndGlobal
